{
  "version": "2",
  "remote": {
    "https://deno.land/std@0.175.0/_util/asserts.ts": "178dfc49a464aee693a7e285567b3d0b555dc805ff490505a8aae34f9cfb1462",
    "https://deno.land/std@0.175.0/_util/os.ts": "d932f56d41e4f6a6093d56044e29ce637f8dcc43c5a90af43504a889cf1775e3",
    "https://deno.land/std@0.175.0/fs/_util.ts": "65381f341af1ff7f40198cee15c20f59951ac26e51ddc651c5293e24f9ce6f32",
    "https://deno.land/std@0.175.0/fs/copy.ts": "14214efd94fc3aa6db1e4af2b4b9578e50f7362b7f3725d5a14ad259a5df26c8",
    "https://deno.land/std@0.175.0/fs/empty_dir.ts": "c3d2da4c7352fab1cf144a1ecfef58090769e8af633678e0f3fabaef98594688",
    "https://deno.land/std@0.175.0/fs/ensure_dir.ts": "724209875497a6b4628dfb256116e5651c4f7816741368d6c44aab2531a1e603",
    "https://deno.land/std@0.175.0/fs/ensure_file.ts": "c38602670bfaf259d86ca824a94e6cb9e5eb73757fefa4ebf43a90dd017d53d9",
    "https://deno.land/std@0.175.0/fs/ensure_link.ts": "c0f5b2f0ec094ed52b9128eccb1ee23362a617457aa0f699b145d4883f5b2fb4",
    "https://deno.land/std@0.175.0/fs/ensure_symlink.ts": "2955cc8332aeca9bdfefd05d8d3976b94e282b0f353392a71684808ed2ffdd41",
    "https://deno.land/std@0.175.0/fs/eol.ts": "f1f2eb348a750c34500741987b21d65607f352cf7205f48f4319d417fff42842",
    "https://deno.land/std@0.175.0/fs/exists.ts": "b8c8a457b71e9d7f29b9d2f87aad8dba2739cbe637e8926d6ba6e92567875f8e",
    "https://deno.land/std@0.175.0/fs/expand_glob.ts": "45d17e89796a24bd6002e4354eda67b4301bb8ba67d2cac8453cdabccf1d9ab0",
    "https://deno.land/std@0.175.0/fs/mod.ts": "bc3d0acd488cc7b42627044caf47d72019846d459279544e1934418955ba4898",
    "https://deno.land/std@0.175.0/fs/move.ts": "4cb47f880e3f0582c55e71c9f8b1e5e8cfaacb5e84f7390781dd563b7298ec19",
    "https://deno.land/std@0.175.0/fs/walk.ts": "ea95ffa6500c1eda6b365be488c056edc7c883a1db41ef46ec3bf057b1c0fe32",
    "https://deno.land/std@0.175.0/path/_constants.ts": "e49961f6f4f48039c0dfed3c3f93e963ca3d92791c9d478ac5b43183413136e0",
    "https://deno.land/std@0.175.0/path/_interface.ts": "6471159dfbbc357e03882c2266d21ef9afdb1e4aa771b0545e90db58a0ba314b",
    "https://deno.land/std@0.175.0/path/_util.ts": "d7abb1e0dea065f427b89156e28cdeb32b045870acdf865833ba808a73b576d0",
    "https://deno.land/std@0.175.0/path/common.ts": "ee7505ab01fd22de3963b64e46cff31f40de34f9f8de1fff6a1bd2fe79380000",
    "https://deno.land/std@0.175.0/path/glob.ts": "d479e0a695621c94d3fd7fe7abd4f9499caf32a8de13f25073451c6ef420a4e1",
    "https://deno.land/std@0.175.0/path/mod.ts": "4b83694ac500d7d31b0cdafc927080a53dc0c3027eb2895790fb155082b0d232",
    "https://deno.land/std@0.175.0/path/posix.ts": "8b7c67ac338714b30c816079303d0285dd24af6b284f7ad63da5b27372a2c94d",
    "https://deno.land/std@0.175.0/path/separator.ts": "0fb679739d0d1d7bf45b68dacfb4ec7563597a902edbaf3c59b50d5bcadd93b1",
    "https://deno.land/std@0.175.0/path/win32.ts": "d186344e5583bcbf8b18af416d13d82b35a317116e6460a5a3953508c3de5bba",
    "https://esm.sh/microcms-js-sdk@2.0.0": "7320079b063bf0393b037f660a6c026f8d79998e68166a1909538fe3e44952b1",
    "https://esm.sh/v106/call-bind@1.0.2/deno/callBound.js": "200a912ca938229e0b301c74bc5e0821c3950d1f94495e6dac9ab52fb0f3f553",
    "https://esm.sh/v106/function-bind@1.1.1/deno/function-bind.js": "9bed69e864acb26e062b3c9751944e71404f5c8ac3a277ffc8f80f5f1106eaff",
    "https://esm.sh/v106/get-intrinsic@1.2.0/deno/get-intrinsic.js": "1221db1f7bc6cbc620d359f1cea814036a761ab6f311f357f7188260edddbb10",
    "https://esm.sh/v106/has-symbols@1.0.3/deno/has-symbols.js": "70e708d3aa8c2b12c70be150054cc5b7e03dc15d6b40acfc661be41cb32e7664",
    "https://esm.sh/v106/has@1.0.3/deno/has.js": "9a8c1fc79f27dc202c4f0c0a8fa0cce7739aef49453852b1602ca09273dc2c3a",
    "https://esm.sh/v106/microcms-js-sdk@2.0.0/deno/microcms-js-sdk.js": "56ed210a53fdd6e8098c98ce2515df2d6156453642e892d3178219921515b66c",
    "https://esm.sh/v106/microcms-js-sdk@2.0.0/dist/cjs/createClient.d.ts": "b4e2fe256d97dbe30aca445d33bd90bc12bd6eaf6405e51aa4048fb3cd284d8f",
    "https://esm.sh/v106/microcms-js-sdk@2.0.0/dist/cjs/index.d.ts": "7d8203dfd10eddf4aa1aa35b27dc1d24a68373df7d979f2733b1436f489342cb",
    "https://esm.sh/v106/microcms-js-sdk@2.0.0/dist/cjs/types.d.ts": "5be2526b0168054eaf0b51e30493b0377000adb2330109780a420ad6b1e9438b",
    "https://esm.sh/v106/node_fetch.js": "eb4be18bc6ed9f45aacb943cc12e2d9a7dff73537dc6155b96e8c7ab3f79b6ba",
    "https://esm.sh/v106/object-inspect@1.12.3/deno/object-inspect.js": "03c028ea55ab53a241ced01725f6762031ccaf5aa78f97bb7b7a7a8bb11e40d7",
    "https://esm.sh/v106/qs@6.11.0/deno/qs.js": "4eedea45d38682ad1e89afbf8da14523afc300a6fbe1f8ad443399e04a614487",
    "https://esm.sh/v106/side-channel@1.0.4/deno/side-channel.js": "49071513514531437ada2c4b3707e8ad2d8e502e4958b9cd075e91f1c0952ea8"
  }
}